{
  "name": "@lsby/pure-ts-base",
  "version": "0.0.0",
  "lockfileVersion": 2,
  "requires": true,
  "packages": {
    "": {
      "name": "@lsby/pure-ts-base",
      "version": "0.0.0",
      "license": "GPL-3.0-or-later",
      "dependencies": {
        "@lsby/ts_lambda_type": "^0.0.23",
        "husky": "^7.0.4",
        "typescript": "^4.8.4"
      }
    },
    "node_modules/@lsby/ts_lambda_type": {
      "version": "0.0.23",
      "resolved": "https://registry.npmjs.org/@lsby/ts_lambda_type/-/ts_lambda_type-0.0.23.tgz",
      "integrity": "sha512-TSxqEOakpz1ye6lR8+9I5NoPubLtVsH7M4J3vIbUZqhu3FDZ3RQIKtt3jOqd4OTFs38++zTe4NbFxzxVVp/izA==",
      "dependencies": {
        "@lsby/ts_type_fun": "^0.0.12",
        "ts-lambda-calc": "github:desi-ivanov/ts-lambda-calc"
      }
    },
    "node_modules/@lsby/ts_type_fun": {
      "version": "0.0.12",
      "resolved": "https://registry.npmjs.org/@lsby/ts_type_fun/-/ts_type_fun-0.0.12.tgz",
      "integrity": "sha512-Z+VZjkUEged3zU32gsbq54HIO/vUjaWVfme8qG0LpZ87eSmZzfhxKlcfoFOqUJu+h6Jb9Kuiz/TNbIgacJ6p/A=="
    },
    "node_modules/husky": {
      "version": "7.0.4",
      "resolved": "https://registry.npmjs.org/husky/-/husky-7.0.4.tgz",
      "integrity": "sha512-vbaCKN2QLtP/vD4yvs6iz6hBEo6wkSzs8HpRah1Z6aGmF2KW5PdYuAd7uX5a+OyBZHBhd+TFLqgjUgytQr4RvQ==",
      "bin": {
        "husky": "lib/bin.js"
      },
      "engines": {
        "node": ">=12"
      },
      "funding": {
        "url": "https://github.com/sponsors/typicode"
      }
    },
    "node_modules/ts-lambda-calc": {
      "version": "1.0.0",
      "resolved": "git+ssh://git@github.com/desi-ivanov/ts-lambda-calc.git#c6e187b429a0940dcb4f46f4342e3883dfd064be",
      "license": "MIT",
      "dependencies": {
        "typescript": "^4.5.3"
      }
    },
    "node_modules/typescript": {
      "version": "4.8.4",
      "resolved": "https://registry.npmjs.org/typescript/-/typescript-4.8.4.tgz",
      "integrity": "sha512-QCh+85mCy+h0IGff8r5XWzOVSbBO+KfeYrMQh7NJ58QujwcE22u+NUSmUxqF+un70P9GXKxa2HCNiTTMJknyjQ==",
      "bin": {
        "tsc": "bin/tsc",
        "tsserver": "bin/tsserver"
      },
      "engines": {
        "node": ">=4.2.0"
      }
    }
  },
  "dependencies": {
    "@lsby/ts_lambda_type": {
      "version": "0.0.23",
      "resolved": "https://registry.npmjs.org/@lsby/ts_lambda_type/-/ts_lambda_type-0.0.23.tgz",
      "integrity": "sha512-TSxqEOakpz1ye6lR8+9I5NoPubLtVsH7M4J3vIbUZqhu3FDZ3RQIKtt3jOqd4OTFs38++zTe4NbFxzxVVp/izA==",
      "requires": {
        "@lsby/ts_type_fun": "^0.0.12",
        "ts-lambda-calc": "github:desi-ivanov/ts-lambda-calc"
      }
    },
    "@lsby/ts_type_fun": {
      "version": "0.0.12",
      "resolved": "https://registry.npmjs.org/@lsby/ts_type_fun/-/ts_type_fun-0.0.12.tgz",
      "integrity": "sha512-Z+VZjkUEged3zU32gsbq54HIO/vUjaWVfme8qG0LpZ87eSmZzfhxKlcfoFOqUJu+h6Jb9Kuiz/TNbIgacJ6p/A=="
    },
    "husky": {
      "version": "7.0.4",
      "resolved": "https://registry.npmjs.org/husky/-/husky-7.0.4.tgz",
      "integrity": "sha512-vbaCKN2QLtP/vD4yvs6iz6hBEo6wkSzs8HpRah1Z6aGmF2KW5PdYuAd7uX5a+OyBZHBhd+TFLqgjUgytQr4RvQ=="
    },
    "ts-lambda-calc": {
      "version": "git+ssh://git@github.com/desi-ivanov/ts-lambda-calc.git#c6e187b429a0940dcb4f46f4342e3883dfd064be",
      "from": "ts-lambda-calc@github:desi-ivanov/ts-lambda-calc",
      "requires": {
        "typescript": "^4.5.3"
      }
    },
    "typescript": {
      "version": "4.8.4",
      "resolved": "https://registry.npmjs.org/typescript/-/typescript-4.8.4.tgz",
      "integrity": "sha512-QCh+85mCy+h0IGff8r5XWzOVSbBO+KfeYrMQh7NJ58QujwcE22u+NUSmUxqF+un70P9GXKxa2HCNiTTMJknyjQ=="
    }
  }
}
